
Microsoft Visual Studio Solution File, Format Version 12.00
# Visual Studio 2012
Project("{FAE04EC0-301F-11D3-BF4B-00C04F79EFBC}") = "Grindel", "Grindel.DataAccess\Grindel.csproj", "{53B66439-2569-4A8F-A618-2BD7964BE440}"
EndProject
Project("{FAE04EC0-301F-11D3-BF4B-00C04F79EFBC}") = "Grindel.Console", "Grindel.Console\Grindel.Console.csproj", "{C7E77CDC-8C12-43EF-877A-E9166F353640}"
EndProject
Global
	GlobalSection(SolutionConfigurationPlatforms) = preSolution
		Debug|Any CPU = Debug|Any CPU
		Release|Any CPU = Release|Any CPU
	EndGlobalSection
	GlobalSection(ProjectConfigurationPlatforms) = postSolution
		{53B66439-2569-4A8F-A618-2BD7964BE440}.Debug|Any CPU.ActiveCfg = Debug|Any CPU
		{53B66439-2569-4A8F-A618-2BD7964BE440}.Debug|Any CPU.Build.0 = Debug|Any CPU
		{53B66439-2569-4A8F-A618-2BD7964BE440}.Release|Any CPU.ActiveCfg = Release|Any CPU
		{53B66439-2569-4A8F-A618-2BD7964BE440}.Release|Any CPU.Build.0 = Release|Any CPU
		{C7E77CDC-8C12-43EF-877A-E9166F353640}.Debug|Any CPU.ActiveCfg = Debug|Any CPU
		{C7E77CDC-8C12-43EF-877A-E9166F353640}.Debug|Any CPU.Build.0 = Debug|Any CPU
		{C7E77CDC-8C12-43EF-877A-E9166F353640}.Release|Any CPU.ActiveCfg = Release|Any CPU
		{C7E77CDC-8C12-43EF-877A-E9166F353640}.Release|Any CPU.Build.0 = Release|Any CPU
	EndGlobalSection
	GlobalSection(MonoDevelopProperties) = preSolution
		description = Library Used With DeltaV Fhx Files
	EndGlobalSection
EndGlobal
